schema: '2.0'
stages:
  load_data:
    cmd: python src/load_data.py
    deps:
    - path: data_given/winequality.csv
      hash: md5
      md5: dfbd7a8a584ecf49c653a7293792ef22
      size: 118582
    - path: params.yaml
      hash: md5
      md5: 4c8c7fcf270a80d6281100e444315370
      size: 658
    - path: src/get_data.py
      hash: md5
      md5: ab4669757122ca6d967fecb71b6cef57
      size: 674
    - path: src/load_data.py
      hash: md5
      md5: 06d054595b5f100e84cfccb86aeef63e
      size: 733
    outs:
    - path: data/raw/winequality.csv
      hash: md5
      md5: c8b52b6ed425fa63d9df5eab989c733b
      size: 119999
  split_data:
    cmd: python src/split_data.py
    deps:
    - path: data/raw/winequality.csv
      hash: md5
      md5: c8b52b6ed425fa63d9df5eab989c733b
      size: 119999
    - path: params.yaml
      hash: md5
      md5: 4c8c7fcf270a80d6281100e444315370
      size: 658
    - path: src/get_data.py
      hash: md5
      md5: ab4669757122ca6d967fecb71b6cef57
      size: 674
    - path: src/split_data.py
      hash: md5
      md5: fb2a95a5e8caf4adc8f477bf2174a823
      size: 1413
    params:
      params.yaml:
        split_data.test_size: 0.2
    outs:
    - path: data/processed/test_winequality.csv
      hash: md5
      md5: 00c1df070bf81e087479737867daed72
      size: 24688
    - path: data/processed/train_winequality.csv
      hash: md5
      md5: 7f108206b4ed85082e2c078cd2329e2e
      size: 95458
