schema: '2.0'
stages:
  load_data:
    cmd: python src/load_data.py
    deps:
    - path: data_given/winequality.csv
      hash: md5
      md5: dfbd7a8a584ecf49c653a7293792ef22
      size: 118582
    - path: params.yaml
      hash: md5
      md5: a9a990a886cf093a76a783f529a156ac
      size: 98
    - path: src/get_data.py
      hash: md5
      md5: d758542026d80745eb07009e0f39428b
      size: 687
    - path: src/load_data.py
      hash: md5
      md5: 06d054595b5f100e84cfccb86aeef63e
      size: 733
    outs:
    - path: data/raw/winequality.csv
      hash: md5
      md5: c8b52b6ed425fa63d9df5eab989c733b
      size: 119999
